
Microsoft Visual Studio Solution File, Format Version 12.00
# Visual Studio Version 17
VisualStudioVersion = 17.4.33122.133
MinimumVisualStudioVersion = 10.0.40219.1
Project("{FAE04EC0-301F-11D3-BF4B-00C04F79EFBC}") = "StringHelper.Net", "StringHelper.Net\StringHelper.Net.csproj", "{5E11C41E-8129-4E77-89BD-C33441E32D11}"
EndProject
Project("{FAE04EC0-301F-11D3-BF4B-00C04F79EFBC}") = "StringHelper.Net.XUnitText", "StringHelper.Net.XUnitText\StringHelper.Net.XUnitText.csproj", "{1C6DC5F2-F22E-42FA-8CE7-F6AC788B3FB7}"
EndProject
Global
	GlobalSection(SolutionConfigurationPlatforms) = preSolution
		Debug|Any CPU = Debug|Any CPU
		Release|Any CPU = Release|Any CPU
	EndGlobalSection
	GlobalSection(ProjectConfigurationPlatforms) = postSolution
		{5E11C41E-8129-4E77-89BD-C33441E32D11}.Debug|Any CPU.ActiveCfg = Debug|Any CPU
		{5E11C41E-8129-4E77-89BD-C33441E32D11}.Debug|Any CPU.Build.0 = Debug|Any CPU
		{5E11C41E-8129-4E77-89BD-C33441E32D11}.Release|Any CPU.ActiveCfg = Release|Any CPU
		{5E11C41E-8129-4E77-89BD-C33441E32D11}.Release|Any CPU.Build.0 = Release|Any CPU
		{1C6DC5F2-F22E-42FA-8CE7-F6AC788B3FB7}.Debug|Any CPU.ActiveCfg = Debug|Any CPU
		{1C6DC5F2-F22E-42FA-8CE7-F6AC788B3FB7}.Debug|Any CPU.Build.0 = Debug|Any CPU
		{1C6DC5F2-F22E-42FA-8CE7-F6AC788B3FB7}.Release|Any CPU.ActiveCfg = Release|Any CPU
		{1C6DC5F2-F22E-42FA-8CE7-F6AC788B3FB7}.Release|Any CPU.Build.0 = Release|Any CPU
	EndGlobalSection
	GlobalSection(SolutionProperties) = preSolution
		HideSolutionNode = FALSE
	EndGlobalSection
	GlobalSection(ExtensibilityGlobals) = postSolution
		SolutionGuid = {C1A39008-CD3B-4D1F-AA0B-1DE48C882032}
	EndGlobalSection
EndGlobal
